
Microsoft Visual Studio Solution File, Format Version 12.00
Project("{FAE04EC0-301F-11D3-BF4B-00C04F79EFBC}") = "HelloVelaptor", "HelloVelaptor\HelloVelaptor.csproj", "{69C781F9-E4C4-41B3-91D7-8602F42E2F95}"
EndProject
Project("{FAE04EC0-301F-11D3-BF4B-00C04F79EFBC}") = "RenderingTextures", "RenderingTextures\RenderingTextures.csproj", "{F16A9359-B187-4203-ABBA-C4BBDC59D3F8}"
EndProject
Project("{FAE04EC0-301F-11D3-BF4B-00C04F79EFBC}") = "RotatingTextures", "RotatingTextures\RotatingTextures.csproj", "{61B0C2F4-780A-4158-A04D-364B0BFEDAAD}"
EndProject
Project("{FAE04EC0-301F-11D3-BF4B-00C04F79EFBC}") = "AtlasTextures", "AtlasTextures\AtlasTextures.csproj", "{770CEC19-32F8-4FF1-962F-023162F7DE78}"
EndProject
Project("{FAE04EC0-301F-11D3-BF4B-00C04F79EFBC}") = "EmptyProject", "EmptyProject\EmptyProject.csproj", "{171D0C3C-731E-4CA3-9CCB-57D47FB3EBA7}"
EndProject
Project("{FAE04EC0-301F-11D3-BF4B-00C04F79EFBC}") = "SpaceShooter", "SpaceShooter\SpaceShooter.csproj", "{AB72E9F7-12BD-463B-91F9-29835C09D44A}"
EndProject
Global
	GlobalSection(SolutionConfigurationPlatforms) = preSolution
		Debug|Any CPU = Debug|Any CPU
		Release|Any CPU = Release|Any CPU
	EndGlobalSection
	GlobalSection(ProjectConfigurationPlatforms) = postSolution
		{69C781F9-E4C4-41B3-91D7-8602F42E2F95}.Debug|Any CPU.ActiveCfg = Debug|Any CPU
		{69C781F9-E4C4-41B3-91D7-8602F42E2F95}.Debug|Any CPU.Build.0 = Debug|Any CPU
		{69C781F9-E4C4-41B3-91D7-8602F42E2F95}.Release|Any CPU.ActiveCfg = Release|Any CPU
		{69C781F9-E4C4-41B3-91D7-8602F42E2F95}.Release|Any CPU.Build.0 = Release|Any CPU
		{F16A9359-B187-4203-ABBA-C4BBDC59D3F8}.Debug|Any CPU.ActiveCfg = Debug|Any CPU
		{F16A9359-B187-4203-ABBA-C4BBDC59D3F8}.Debug|Any CPU.Build.0 = Debug|Any CPU
		{F16A9359-B187-4203-ABBA-C4BBDC59D3F8}.Release|Any CPU.ActiveCfg = Release|Any CPU
		{F16A9359-B187-4203-ABBA-C4BBDC59D3F8}.Release|Any CPU.Build.0 = Release|Any CPU
		{61B0C2F4-780A-4158-A04D-364B0BFEDAAD}.Debug|Any CPU.ActiveCfg = Debug|Any CPU
		{61B0C2F4-780A-4158-A04D-364B0BFEDAAD}.Debug|Any CPU.Build.0 = Debug|Any CPU
		{61B0C2F4-780A-4158-A04D-364B0BFEDAAD}.Release|Any CPU.ActiveCfg = Release|Any CPU
		{61B0C2F4-780A-4158-A04D-364B0BFEDAAD}.Release|Any CPU.Build.0 = Release|Any CPU
		{770CEC19-32F8-4FF1-962F-023162F7DE78}.Debug|Any CPU.ActiveCfg = Debug|Any CPU
		{770CEC19-32F8-4FF1-962F-023162F7DE78}.Debug|Any CPU.Build.0 = Debug|Any CPU
		{770CEC19-32F8-4FF1-962F-023162F7DE78}.Release|Any CPU.ActiveCfg = Release|Any CPU
		{770CEC19-32F8-4FF1-962F-023162F7DE78}.Release|Any CPU.Build.0 = Release|Any CPU
		{171D0C3C-731E-4CA3-9CCB-57D47FB3EBA7}.Debug|Any CPU.ActiveCfg = Debug|Any CPU
		{171D0C3C-731E-4CA3-9CCB-57D47FB3EBA7}.Debug|Any CPU.Build.0 = Debug|Any CPU
		{171D0C3C-731E-4CA3-9CCB-57D47FB3EBA7}.Release|Any CPU.ActiveCfg = Release|Any CPU
		{171D0C3C-731E-4CA3-9CCB-57D47FB3EBA7}.Release|Any CPU.Build.0 = Release|Any CPU
		{AB72E9F7-12BD-463B-91F9-29835C09D44A}.Debug|Any CPU.ActiveCfg = Debug|Any CPU
		{AB72E9F7-12BD-463B-91F9-29835C09D44A}.Debug|Any CPU.Build.0 = Debug|Any CPU
		{AB72E9F7-12BD-463B-91F9-29835C09D44A}.Release|Any CPU.ActiveCfg = Release|Any CPU
		{AB72E9F7-12BD-463B-91F9-29835C09D44A}.Release|Any CPU.Build.0 = Release|Any CPU
	EndGlobalSection
EndGlobal
